{
  "_comment": "A small, hand-constructed lockfile for testing transitive dependency scanning, matching the real lockfileVersion 3 shape (see demo/package-lock.json for a full real one generated via actual npm install). lodash and axios mirror two of tests/fixtures/manifest.json's direct dependencies; the rest are invented transitive-only entries with no fixture coverage, used to prove the scanning mechanism degrades gracefully (lookup_failed, not a crash) rather than to assert specific severities.",
  "name": "securechain-test-fixture",
  "lockfileVersion": 3,
  "packages": {
    "": {"name": "securechain-test-fixture", "version": "1.0.0"},
    "node_modules/lodash": {"version": "4.17.21"},
    "node_modules/axios": {"version": "1.5.0"},
    "node_modules/follow-redirects": {"version": "1.15.4"},
    "node_modules/form-data": {"version": "4.0.0"},
    "node_modules/some-dev-only-tool": {"version": "2.0.0", "dev": true}
  }
}
